PODS:
  - Alamofire (5.1.0)
  - AlamofireImage (4.1.0):
    - Alamofire (~> 5.1)
  - CollectionViewGridLayout (2.1.0)
  - SwiftyJSON (4.3.0)
  - Toast-Swift (5.0.1)

DEPENDENCIES:
  - Alamofire (~> 5.1)
  - AlamofireImage (~> 4.1)
  - CollectionViewGridLayout
  - SwiftyJSON (~> 4.0)
  - Toast-Swift (~> 5.0.1)

SPEC REPOS:
  trunk:
    - Alamofire
    - AlamofireImage
    - CollectionViewGridLayout
    - SwiftyJSON
    - Toast-Swift

SPEC CHECKSUMS:
  Alamofire: 9d5c5f602928e512395b30950c5984eca840093c
  AlamofireImage: c4a2ba349885fb3064feb74d2e547bd42ce9be10
  CollectionViewGridLayout: f22fba04dff5c028ce20f1c29ba212e790b6f316
  SwiftyJSON: 6faa0040f8b59dead0ee07436cbf76b73c08fd08
  Toast-Swift: 9b6a70f28b3bf0b96c40d46c0c4b9d6639846711

PODFILE CHECKSUM: 73445d50899ce26d96a10921fa3202105468b653

COCOAPODS: 1.9.1
